
Microsoft Visual Studio Solution File, Format Version 12.00
# Visual Studio Version 17
VisualStudioVersion = 17.9.34723.18
MinimumVisualStudioVersion = 10.0.40219.1
Project("{8BC9CEB8-8B4A-11D0-8D11-00A0C91BC942}") = "SimilarityCheckKATA", "SimilarityCheckKATA\SimilarityCheckKATA.vcxproj", "{D9197263-BB4C-4D17-9004-B69338B83AD2}"
EndProject
Project("{8BC9CEB8-8B4A-11D0-8D11-00A0C91BC942}") = "SimilarityCheckKATATest", "SimilarityCheckKATATest\SimilarityCheckKATATest.vcxproj", "{AD9A1642-D861-421C-9518-57A223AAA6D0}"
EndProject
Global
	GlobalSection(SolutionConfigurationPlatforms) = preSolution
		Debug|x64 = Debug|x64
		Debug|x86 = Debug|x86
		Release|x64 = Release|x64
		Release|x86 = Release|x86
	EndGlobalSection
	GlobalSection(ProjectConfigurationPlatforms) = postSolution
		{D9197263-BB4C-4D17-9004-B69338B83AD2}.Debug|x64.ActiveCfg = Debug|x64
		{D9197263-BB4C-4D17-9004-B69338B83AD2}.Debug|x64.Build.0 = Debug|x64
		{D9197263-BB4C-4D17-9004-B69338B83AD2}.Debug|x86.ActiveCfg = Debug|Win32
		{D9197263-BB4C-4D17-9004-B69338B83AD2}.Debug|x86.Build.0 = Debug|Win32
		{D9197263-BB4C-4D17-9004-B69338B83AD2}.Release|x64.ActiveCfg = Release|x64
		{D9197263-BB4C-4D17-9004-B69338B83AD2}.Release|x64.Build.0 = Release|x64
		{D9197263-BB4C-4D17-9004-B69338B83AD2}.Release|x86.ActiveCfg = Release|Win32
		{D9197263-BB4C-4D17-9004-B69338B83AD2}.Release|x86.Build.0 = Release|Win32
		{AD9A1642-D861-421C-9518-57A223AAA6D0}.Debug|x64.ActiveCfg = Debug|x64
		{AD9A1642-D861-421C-9518-57A223AAA6D0}.Debug|x64.Build.0 = Debug|x64
		{AD9A1642-D861-421C-9518-57A223AAA6D0}.Debug|x86.ActiveCfg = Debug|Win32
		{AD9A1642-D861-421C-9518-57A223AAA6D0}.Debug|x86.Build.0 = Debug|Win32
		{AD9A1642-D861-421C-9518-57A223AAA6D0}.Release|x64.ActiveCfg = Release|x64
		{AD9A1642-D861-421C-9518-57A223AAA6D0}.Release|x64.Build.0 = Release|x64
		{AD9A1642-D861-421C-9518-57A223AAA6D0}.Release|x86.ActiveCfg = Release|Win32
		{AD9A1642-D861-421C-9518-57A223AAA6D0}.Release|x86.Build.0 = Release|Win32
	EndGlobalSection
	GlobalSection(SolutionProperties) = preSolution
		HideSolutionNode = FALSE
	EndGlobalSection
	GlobalSection(ExtensibilityGlobals) = postSolution
		SolutionGuid = {62FF09F4-3714-42DA-B774-F43F9B07C898}
	EndGlobalSection
EndGlobal
